
Microsoft Visual Studio Solution File, Format Version 12.00
# Visual Studio Version 16
VisualStudioVersion = 16.0.29403.142
MinimumVisualStudioVersion = 10.0.40219.1
Project("{FAE04EC0-301F-11D3-BF4B-00C04F79EFBC}") = "LapTrinhCoBan", "LapTrinhCoBan\LapTrinhCoBan.csproj", "{55AAA8C6-7475-4A93-BC06-5C465D152A2A}"
EndProject
Global
	GlobalSection(SolutionConfigurationPlatforms) = preSolution
		Debug|Any CPU = Debug|Any CPU
		Release|Any CPU = Release|Any CPU
	EndGlobalSection
	GlobalSection(ProjectConfigurationPlatforms) = postSolution
		{55AAA8C6-7475-4A93-BC06-5C465D152A2A}.Debug|Any CPU.ActiveCfg = Debug|Any CPU
		{55AAA8C6-7475-4A93-BC06-5C465D152A2A}.Debug|Any CPU.Build.0 = Debug|Any CPU
		{55AAA8C6-7475-4A93-BC06-5C465D152A2A}.Release|Any CPU.ActiveCfg = Release|Any CPU
		{55AAA8C6-7475-4A93-BC06-5C465D152A2A}.Release|Any CPU.Build.0 = Release|Any CPU
	EndGlobalSection
	GlobalSection(SolutionProperties) = preSolution
		HideSolutionNode = FALSE
	EndGlobalSection
	GlobalSection(ExtensibilityGlobals) = postSolution
		SolutionGuid = {89D1884D-6B00-48B8-BFC5-48240874ADAA}
	EndGlobalSection
EndGlobal
